
Microsoft Visual Studio Solution File, Format Version 12.00
# Visual Studio 15
VisualStudioVersion = 15.0.27130.2010
MinimumVisualStudioVersion = 10.0.40219.1
Project("{FAE04EC0-301F-11D3-BF4B-00C04F79EFBC}") = "Implement multithreading and asynchronous processing", "Implement multithreading and asynchronous processing\Implement multithreading and asynchronous processing.csproj", "{317C8979-91EE-466F-AB4E-33E9C2B36520}"
EndProject
Project("{FAE04EC0-301F-11D3-BF4B-00C04F79EFBC}") = "StoppingAThread", "StoppingAThread\StoppingAThread.csproj", "{8D77520E-A3A1-4832-A98B-EAE1D07A8255}"
EndProject
Project("{FAE04EC0-301F-11D3-BF4B-00C04F79EFBC}") = "ThreadLocal_T", "ThreadLocal_T\ThreadLocal_T.csproj", "{AE85DCEC-F3BE-4095-A7B7-5ADEC893DADD}"
EndProject
Project("{FAE04EC0-301F-11D3-BF4B-00C04F79EFBC}") = "ThreadPoolQueing", "ThreadPoolQueing\ThreadPoolQueing.csproj", "{50B2AC16-E28F-4D2D-A194-369F03B4CC53}"
EndProject
Global
	GlobalSection(SolutionConfigurationPlatforms) = preSolution
		Debug|Any CPU = Debug|Any CPU
		Release|Any CPU = Release|Any CPU
	EndGlobalSection
	GlobalSection(ProjectConfigurationPlatforms) = postSolution
		{317C8979-91EE-466F-AB4E-33E9C2B36520}.Debug|Any CPU.ActiveCfg = Debug|Any CPU
		{317C8979-91EE-466F-AB4E-33E9C2B36520}.Debug|Any CPU.Build.0 = Debug|Any CPU
		{317C8979-91EE-466F-AB4E-33E9C2B36520}.Release|Any CPU.ActiveCfg = Release|Any CPU
		{317C8979-91EE-466F-AB4E-33E9C2B36520}.Release|Any CPU.Build.0 = Release|Any CPU
		{8D77520E-A3A1-4832-A98B-EAE1D07A8255}.Debug|Any CPU.ActiveCfg = Debug|Any CPU
		{8D77520E-A3A1-4832-A98B-EAE1D07A8255}.Debug|Any CPU.Build.0 = Debug|Any CPU
		{8D77520E-A3A1-4832-A98B-EAE1D07A8255}.Release|Any CPU.ActiveCfg = Release|Any CPU
		{8D77520E-A3A1-4832-A98B-EAE1D07A8255}.Release|Any CPU.Build.0 = Release|Any CPU
		{AE85DCEC-F3BE-4095-A7B7-5ADEC893DADD}.Debug|Any CPU.ActiveCfg = Debug|Any CPU
		{AE85DCEC-F3BE-4095-A7B7-5ADEC893DADD}.Debug|Any CPU.Build.0 = Debug|Any CPU
		{AE85DCEC-F3BE-4095-A7B7-5ADEC893DADD}.Release|Any CPU.ActiveCfg = Release|Any CPU
		{AE85DCEC-F3BE-4095-A7B7-5ADEC893DADD}.Release|Any CPU.Build.0 = Release|Any CPU
		{50B2AC16-E28F-4D2D-A194-369F03B4CC53}.Debug|Any CPU.ActiveCfg = Debug|Any CPU
		{50B2AC16-E28F-4D2D-A194-369F03B4CC53}.Debug|Any CPU.Build.0 = Debug|Any CPU
		{50B2AC16-E28F-4D2D-A194-369F03B4CC53}.Release|Any CPU.ActiveCfg = Release|Any CPU
		{50B2AC16-E28F-4D2D-A194-369F03B4CC53}.Release|Any CPU.Build.0 = Release|Any CPU
	EndGlobalSection
	GlobalSection(SolutionProperties) = preSolution
		HideSolutionNode = FALSE
	EndGlobalSection
	GlobalSection(ExtensibilityGlobals) = postSolution
		SolutionGuid = {9B467E08-CD4A-48AF-A56E-EA3DEDA148FB}
	EndGlobalSection
EndGlobal
